
Microsoft Visual Studio Solution File, Format Version 12.00
# Visual Studio 15
VisualStudioVersion = 15.0.27703.2026
MinimumVisualStudioVersion = 10.0.40219.1
Project("{FAE04EC0-301F-11D3-BF4B-00C04F79EFBC}") = "BabyStore", "BabyStore\BabyStore.csproj", "{AAFC61E0-69D3-4D2C-8729-ED8ACF9FF6FD}"
EndProject
Global
	GlobalSection(SolutionConfigurationPlatforms) = preSolution
		Debug|Any CPU = Debug|Any CPU
		Release|Any CPU = Release|Any CPU
	EndGlobalSection
	GlobalSection(ProjectConfigurationPlatforms) = postSolution
		{AAFC61E0-69D3-4D2C-8729-ED8ACF9FF6FD}.Debug|Any CPU.ActiveCfg = Debug|Any CPU
		{AAFC61E0-69D3-4D2C-8729-ED8ACF9FF6FD}.Debug|Any CPU.Build.0 = Debug|Any CPU
		{AAFC61E0-69D3-4D2C-8729-ED8ACF9FF6FD}.Release|Any CPU.ActiveCfg = Release|Any CPU
		{AAFC61E0-69D3-4D2C-8729-ED8ACF9FF6FD}.Release|Any CPU.Build.0 = Release|Any CPU
	EndGlobalSection
	GlobalSection(SolutionProperties) = preSolution
		HideSolutionNode = FALSE
	EndGlobalSection
	GlobalSection(ExtensibilityGlobals) = postSolution
		SolutionGuid = {D95C9486-643B-4F52-8008-8A8D9F9E4DF2}
	EndGlobalSection
EndGlobal
